
Microsoft Visual Studio Solution File, Format Version 12.00
# Visual Studio 2012
Project("{FAE04EC0-301F-11D3-BF4B-00C04F79EFBC}") = "ScaleImage", "ScaleImage\ScaleImage.csproj", "{2B94259E-2CED-4BD1-B6FA-0C61BBA2A0AD}"
EndProject
Global
	GlobalSection(SolutionConfigurationPlatforms) = preSolution
		Debug|Any CPU = Debug|Any CPU
		Release|Any CPU = Release|Any CPU
	EndGlobalSection
	GlobalSection(ProjectConfigurationPlatforms) = postSolution
		{2B94259E-2CED-4BD1-B6FA-0C61BBA2A0AD}.Debug|Any CPU.ActiveCfg = Debug|Any CPU
		{2B94259E-2CED-4BD1-B6FA-0C61BBA2A0AD}.Debug|Any CPU.Build.0 = Debug|Any CPU
		{2B94259E-2CED-4BD1-B6FA-0C61BBA2A0AD}.Release|Any CPU.ActiveCfg = Release|Any CPU
		{2B94259E-2CED-4BD1-B6FA-0C61BBA2A0AD}.Release|Any CPU.Build.0 = Release|Any CPU
	EndGlobalSection
	GlobalSection(MonoDevelopProperties) = preSolution
		StartupItem = SampleScaleImage\ScaleImage.csproj
	EndGlobalSection
EndGlobal
