
Microsoft Visual Studio Solution File, Format Version 12.00
# Visual Studio 2012
Project("{FAE04EC0-301F-11D3-BF4B-00C04F79EFBC}") = "SamplePopover", "SamplePopover\SamplePopover.csproj", "{3320CE8E-5388-4983-9645-D37D366EAA63}"
EndProject
Project("{FAE04EC0-301F-11D3-BF4B-00C04F79EFBC}") = "PopOver", "PopOver\PopOver.csproj", "{789A7EEF-5877-4D2C-9878-32D8BB316BDD}"
EndProject
Global
	GlobalSection(SolutionConfigurationPlatforms) = preSolution
		Debug|Any CPU = Debug|Any CPU
		Release|Any CPU = Release|Any CPU
	EndGlobalSection
	GlobalSection(ProjectConfigurationPlatforms) = postSolution
		{3320CE8E-5388-4983-9645-D37D366EAA63}.Debug|Any CPU.ActiveCfg = Debug|Any CPU
		{3320CE8E-5388-4983-9645-D37D366EAA63}.Debug|Any CPU.Build.0 = Debug|Any CPU
		{3320CE8E-5388-4983-9645-D37D366EAA63}.Release|Any CPU.ActiveCfg = Release|Any CPU
		{3320CE8E-5388-4983-9645-D37D366EAA63}.Release|Any CPU.Build.0 = Release|Any CPU
		{789A7EEF-5877-4D2C-9878-32D8BB316BDD}.Debug|Any CPU.ActiveCfg = Debug|Any CPU
		{789A7EEF-5877-4D2C-9878-32D8BB316BDD}.Debug|Any CPU.Build.0 = Debug|Any CPU
		{789A7EEF-5877-4D2C-9878-32D8BB316BDD}.Release|Any CPU.ActiveCfg = Release|Any CPU
		{789A7EEF-5877-4D2C-9878-32D8BB316BDD}.Release|Any CPU.Build.0 = Release|Any CPU
	EndGlobalSection
	GlobalSection(MonoDevelopProperties) = preSolution
		StartupItem = SamplePopover\SamplePopover.csproj
	EndGlobalSection
EndGlobal
