
Microsoft Visual Studio Solution File, Format Version 12.00
# Visual Studio 2012
Project("{FAE04EC0-301F-11D3-BF4B-00C04F79EFBC}") = "PinnedSectionLibrary", "PinnedSectionLibrary\PinnedSectionLibrary.csproj", "{0FFD1976-497B-4FE1-BD33-94A31CA134FF}"
EndProject
Project("{FAE04EC0-301F-11D3-BF4B-00C04F79EFBC}") = "PinnedSectionSample", "PinnedSectionSample\PinnedSectionSample.csproj", "{DF06D9A4-DA34-4960-BE18-00AA7EA5DCEF}"
EndProject
Global
	GlobalSection(SolutionConfigurationPlatforms) = preSolution
		Debug|Any CPU = Debug|Any CPU
		Release|Any CPU = Release|Any CPU
	EndGlobalSection
	GlobalSection(ProjectConfigurationPlatforms) = postSolution
		{0FFD1976-497B-4FE1-BD33-94A31CA134FF}.Debug|Any CPU.ActiveCfg = Debug|Any CPU
		{0FFD1976-497B-4FE1-BD33-94A31CA134FF}.Debug|Any CPU.Build.0 = Debug|Any CPU
		{0FFD1976-497B-4FE1-BD33-94A31CA134FF}.Release|Any CPU.ActiveCfg = Release|Any CPU
		{0FFD1976-497B-4FE1-BD33-94A31CA134FF}.Release|Any CPU.Build.0 = Release|Any CPU
		{DF06D9A4-DA34-4960-BE18-00AA7EA5DCEF}.Debug|Any CPU.ActiveCfg = Debug|Any CPU
		{DF06D9A4-DA34-4960-BE18-00AA7EA5DCEF}.Debug|Any CPU.Build.0 = Debug|Any CPU
		{DF06D9A4-DA34-4960-BE18-00AA7EA5DCEF}.Release|Any CPU.ActiveCfg = Release|Any CPU
		{DF06D9A4-DA34-4960-BE18-00AA7EA5DCEF}.Release|Any CPU.Build.0 = Release|Any CPU
	EndGlobalSection
	GlobalSection(MonoDevelopProperties) = preSolution
		StartupItem = PinnedSectionSample\PinnedSectionSample.csproj
	EndGlobalSection
EndGlobal
