
Microsoft Visual Studio Solution File, Format Version 12.00
# Visual Studio 2012
Project("{FAE04EC0-301F-11D3-BF4B-00C04F79EFBC}") = "SlidingMenuSharp", "SlidingMenuSharp\SlidingMenuSharp.csproj", "{555937D8-1533-4D19-A346-55C192C35A5D}"
EndProject
Project("{FAE04EC0-301F-11D3-BF4B-00C04F79EFBC}") = "Sample", "Sample\Sample.csproj", "{32074648-002F-42D9-A8FC-6061DAC99120}"
EndProject
Global
	GlobalSection(SolutionConfigurationPlatforms) = preSolution
		Debug|Any CPU = Debug|Any CPU
		Release|Any CPU = Release|Any CPU
	EndGlobalSection
	GlobalSection(ProjectConfigurationPlatforms) = postSolution
		{32074648-002F-42D9-A8FC-6061DAC99120}.Debug|Any CPU.ActiveCfg = Debug|Any CPU
		{32074648-002F-42D9-A8FC-6061DAC99120}.Debug|Any CPU.Build.0 = Debug|Any CPU
		{32074648-002F-42D9-A8FC-6061DAC99120}.Debug|Any CPU.Deploy.0 = Debug|Any CPU
		{32074648-002F-42D9-A8FC-6061DAC99120}.Release|Any CPU.ActiveCfg = Release|Any CPU
		{32074648-002F-42D9-A8FC-6061DAC99120}.Release|Any CPU.Build.0 = Release|Any CPU
		{32074648-002F-42D9-A8FC-6061DAC99120}.Release|Any CPU.Deploy.0 = Release|Any CPU
		{555937D8-1533-4D19-A346-55C192C35A5D}.Debug|Any CPU.ActiveCfg = Debug|Any CPU
		{555937D8-1533-4D19-A346-55C192C35A5D}.Debug|Any CPU.Build.0 = Debug|Any CPU
		{555937D8-1533-4D19-A346-55C192C35A5D}.Release|Any CPU.ActiveCfg = Release|Any CPU
		{555937D8-1533-4D19-A346-55C192C35A5D}.Release|Any CPU.Build.0 = Release|Any CPU
	EndGlobalSection
	GlobalSection(MonoDevelopProperties) = preSolution
		StartupItem = Sample\Sample.csproj
	EndGlobalSection
	GlobalSection(SolutionProperties) = preSolution
		HideSolutionNode = FALSE
	EndGlobalSection
EndGlobal
