
Microsoft Visual Studio Solution File, Format Version 11.00
# Visual Studio 2010
Project("{FAE04EC0-301F-11D3-BF4B-00C04F79EFBC}") = "GridViewsHeaderFooter", "CustomGridView\GridViewsHeaderFooter.csproj", "{409979F9-7450-4D75-BEEA-35FB8578A620}"
EndProject
Global
	GlobalSection(SolutionConfigurationPlatforms) = preSolution
		Debug|Any CPU = Debug|Any CPU
		Release|Any CPU = Release|Any CPU
	EndGlobalSection
	GlobalSection(ProjectConfigurationPlatforms) = postSolution
		{409979F9-7450-4D75-BEEA-35FB8578A620}.Debug|Any CPU.ActiveCfg = Debug|Any CPU
		{409979F9-7450-4D75-BEEA-35FB8578A620}.Debug|Any CPU.Build.0 = Debug|Any CPU
		{409979F9-7450-4D75-BEEA-35FB8578A620}.Release|Any CPU.ActiveCfg = Release|Any CPU
		{409979F9-7450-4D75-BEEA-35FB8578A620}.Release|Any CPU.Build.0 = Release|Any CPU
	EndGlobalSection
EndGlobal
