
Microsoft Visual Studio Solution File, Format Version 12.00
# Visual Studio 2012
Project("{FAE04EC0-301F-11D3-BF4B-00C04F79EFBC}") = "FloatLabel", "FloatLabel\FloatLabel.csproj", "{3BB2EE99-E78B-4C41-B987-78F1215E6DEB}"
EndProject
Project("{FAE04EC0-301F-11D3-BF4B-00C04F79EFBC}") = "LibraryFloatLable", "LibraryFloatLable\LibraryFloatLable.csproj", "{165676E4-40F7-4ED6-9300-22CB1AAAD170}"
EndProject
Global
	GlobalSection(SolutionConfigurationPlatforms) = preSolution
		Debug|Any CPU = Debug|Any CPU
		Release|Any CPU = Release|Any CPU
	EndGlobalSection
	GlobalSection(ProjectConfigurationPlatforms) = postSolution
		{165676E4-40F7-4ED6-9300-22CB1AAAD170}.Debug|Any CPU.ActiveCfg = Debug|Any CPU
		{165676E4-40F7-4ED6-9300-22CB1AAAD170}.Debug|Any CPU.Build.0 = Debug|Any CPU
		{165676E4-40F7-4ED6-9300-22CB1AAAD170}.Release|Any CPU.ActiveCfg = Release|Any CPU
		{165676E4-40F7-4ED6-9300-22CB1AAAD170}.Release|Any CPU.Build.0 = Release|Any CPU
		{3BB2EE99-E78B-4C41-B987-78F1215E6DEB}.Debug|Any CPU.ActiveCfg = Debug|Any CPU
		{3BB2EE99-E78B-4C41-B987-78F1215E6DEB}.Debug|Any CPU.Build.0 = Debug|Any CPU
		{3BB2EE99-E78B-4C41-B987-78F1215E6DEB}.Release|Any CPU.ActiveCfg = Release|Any CPU
		{3BB2EE99-E78B-4C41-B987-78F1215E6DEB}.Release|Any CPU.Build.0 = Release|Any CPU
	EndGlobalSection
	GlobalSection(MonoDevelopProperties) = preSolution
		StartupItem = FloatLabel\FloatLabel.csproj
	EndGlobalSection
EndGlobal
