
Microsoft Visual Studio Solution File, Format Version 12.00
# Visual Studio 2012
Project("{FAE04EC0-301F-11D3-BF4B-00C04F79EFBC}") = "ProcessButton", "ProcessButton\ProcessButton.csproj", "{6BBF4368-C8CC-40D6-B923-3D56DF8EE73F}"
EndProject
Project("{FAE04EC0-301F-11D3-BF4B-00C04F79EFBC}") = "Library", "Library\Library.csproj", "{906A14F9-5720-44EE-8B44-A0412F870C09}"
EndProject
Global
	GlobalSection(SolutionConfigurationPlatforms) = preSolution
		Debug|Any CPU = Debug|Any CPU
		Release|Any CPU = Release|Any CPU
	EndGlobalSection
	GlobalSection(ProjectConfigurationPlatforms) = postSolution
		{6BBF4368-C8CC-40D6-B923-3D56DF8EE73F}.Debug|Any CPU.ActiveCfg = Debug|Any CPU
		{6BBF4368-C8CC-40D6-B923-3D56DF8EE73F}.Debug|Any CPU.Build.0 = Debug|Any CPU
		{6BBF4368-C8CC-40D6-B923-3D56DF8EE73F}.Release|Any CPU.ActiveCfg = Release|Any CPU
		{6BBF4368-C8CC-40D6-B923-3D56DF8EE73F}.Release|Any CPU.Build.0 = Release|Any CPU
		{906A14F9-5720-44EE-8B44-A0412F870C09}.Debug|Any CPU.ActiveCfg = Debug|Any CPU
		{906A14F9-5720-44EE-8B44-A0412F870C09}.Debug|Any CPU.Build.0 = Debug|Any CPU
		{906A14F9-5720-44EE-8B44-A0412F870C09}.Release|Any CPU.ActiveCfg = Release|Any CPU
		{906A14F9-5720-44EE-8B44-A0412F870C09}.Release|Any CPU.Build.0 = Release|Any CPU
	EndGlobalSection
	GlobalSection(MonoDevelopProperties) = preSolution
		StartupItem = SampleProcessButton\ProcessButton.csproj
	EndGlobalSection
EndGlobal
